
Microsoft Visual Studio Solution File, Format Version 12.00
# Visual Studio Version 17
VisualStudioVersion = 17.7.34003.232
MinimumVisualStudioVersion = 10.0.40219.1
Project("{FAE04EC0-301F-11D3-BF4B-00C04F79EFBC}") = "Tarea2", "Tarea2\Tarea2.csproj", "{3B33B92D-53B7-4E78-BE1C-83B6BCD538FB}"
EndProject
Global
	GlobalSection(SolutionConfigurationPlatforms) = preSolution
		Debug|Any CPU = Debug|Any CPU
		Release|Any CPU = Release|Any CPU
	EndGlobalSection
	GlobalSection(ProjectConfigurationPlatforms) = postSolution
		{3B33B92D-53B7-4E78-BE1C-83B6BCD538FB}.Debug|Any CPU.ActiveCfg = Debug|Any CPU
		{3B33B92D-53B7-4E78-BE1C-83B6BCD538FB}.Debug|Any CPU.Build.0 = Debug|Any CPU
		{3B33B92D-53B7-4E78-BE1C-83B6BCD538FB}.Release|Any CPU.ActiveCfg = Release|Any CPU
		{3B33B92D-53B7-4E78-BE1C-83B6BCD538FB}.Release|Any CPU.Build.0 = Release|Any CPU
	EndGlobalSection
	GlobalSection(SolutionProperties) = preSolution
		HideSolutionNode = FALSE
	EndGlobalSection
	GlobalSection(ExtensibilityGlobals) = postSolution
		SolutionGuid = {7357CD50-67F9-4C5A-BB9F-E49AC44CD020}
	EndGlobalSection
EndGlobal
